# THIS IS AN AUTOGENERATED FILE. DO NOT EDIT THIS FILE DIRECTLY.
# yarn lockfile v1


commander@*:
  version "2.11.0"
  resolved "https://registry.npmjs.org/commander/-/commander-2.11.0.tgz#157152fd1e7a6c8d98a5b715cf376df928004563"

mockjs@^1.0.1-beta3:
  version "1.0.1-beta3"
  resolved "https://registry.npmjs.org/mockjs/-/mockjs-1.0.1-beta3.tgz#d234f3c27256397564f2c955142e891909537209"
  dependencies:
    commander "*"

ramda@^0.24.1:
  version "0.24.1"
  resolved "https://registry.npmjs.org/ramda/-/ramda-0.24.1.tgz#c3b7755197f35b8dc3502228262c4c91ddb6b857"

thrift-parser@^0.4.2:
  version "0.4.2"
  resolved "https://registry.npmjs.org/thrift-parser/-/thrift-parser-0.4.2.tgz#94729a7379ce03e00bebe39da1cbf37bbd33863b"
